// !$*UTF8*$!
{
	archiveVersion = 1;
	classes = {
	};
	objectVersion = 56;
	objects = {

/* Begin PBXBuildFile section */
		1268051F29C727270086F37F /* AppDelegate.swift in Sources */ = {isa = PBXBuildFile; fileRef = 1268051E29C727270086F37F /* AppDelegate.swift */; };
		1268052129C727270086F37F /* SceneDelegate.swift in Sources */ = {isa = PBXBuildFile; fileRef = 1268052029C727270086F37F /* SceneDelegate.swift */; };
		1268052929C727270086F37F /* GitHubFollowers.xcdatamodeld in Sources */ = {isa = PBXBuildFile; fileRef = 1268052729C727270086F37F /* GitHubFollowers.xcdatamodeld */; };
		1268052B29C727280086F37F /* Assets.xcassets in Resources */ = {isa = PBXBuildFile; fileRef = 1268052A29C727280086F37F /* Assets.xcassets */; };
		1268052E29C727280086F37F /* LaunchScreen.storyboard in Resources */ = {isa = PBXBuildFile; fileRef = 1268052C29C727280086F37F /* LaunchScreen.storyboard */; };
		1268053629C738690086F37F /* SearchVC.swift in Sources */ = {isa = PBXBuildFile; fileRef = 1268053529C738690086F37F /* SearchVC.swift */; };
		1268053829C738950086F37F /* FavoritesListVC.swift in Sources */ = {isa = PBXBuildFile; fileRef = 1268053729C738950086F37F /* FavoritesListVC.swift */; };
		1268053A29C89AC80086F37F /* GFButton.swift in Sources */ = {isa = PBXBuildFile; fileRef = 1268053929C89AC80086F37F /* GFButton.swift */; };
		1268053C29C89DEE0086F37F /* GFTextField.swift in Sources */ = {isa = PBXBuildFile; fileRef = 1268053B29C89DEE0086F37F /* GFTextField.swift */; };
		1268053E29C8AC520086F37F /* FollowerListVC.swift in Sources */ = {isa = PBXBuildFile; fileRef = 1268053D29C8AC520086F37F /* FollowerListVC.swift */; };
		1268054029C9E6D10086F37F /* GFTitleLabel.swift in Sources */ = {isa = PBXBuildFile; fileRef = 1268053F29C9E6D10086F37F /* GFTitleLabel.swift */; };
		1268054229C9E8360086F37F /* GFBodyLabel.swift in Sources */ = {isa = PBXBuildFile; fileRef = 1268054129C9E8360086F37F /* GFBodyLabel.swift */; };
		1268054429C9E8F00086F37F /* GFALertVC.swift in Sources */ = {isa = PBXBuildFile; fileRef = 1268054329C9E8F00086F37F /* GFALertVC.swift */; };
		1268054629C9F0A40086F37F /* UIVIewController+Ext.swift in Sources */ = {isa = PBXBuildFile; fileRef = 1268054529C9F0A40086F37F /* UIVIewController+Ext.swift */; };
		1268054E29C9FA580086F37F /* Follower.swift in Sources */ = {isa = PBXBuildFile; fileRef = 1268054D29C9FA580086F37F /* Follower.swift */; };
		1268055029C9FB1F0086F37F /* User.swift in Sources */ = {isa = PBXBuildFile; fileRef = 1268054F29C9FB1F0086F37F /* User.swift */; };
		1268055329CB22430086F37F /* NetworkManager.swift in Sources */ = {isa = PBXBuildFile; fileRef = 1268055229CB22430086F37F /* NetworkManager.swift */; };
		1268055629CB30960086F37F /* ErrorMessage.swift in Sources */ = {isa = PBXBuildFile; fileRef = 1268055529CB30960086F37F /* ErrorMessage.swift */; };
		1268055D29CC8CC40086F37F /* FollowerCell.swift in Sources */ = {isa = PBXBuildFile; fileRef = 1268055C29CC8CC40086F37F /* FollowerCell.swift */; };
		1268055F29CC8D430086F37F /* GFAvatarImageView.swift in Sources */ = {isa = PBXBuildFile; fileRef = 1268055E29CC8D430086F37F /* GFAvatarImageView.swift */; };
		1268056129CF00120086F37F /* UIHelper.swift in Sources */ = {isa = PBXBuildFile; fileRef = 1268056029CF00120086F37F /* UIHelper.swift */; };
		1268056829CFF9A20086F37F /* GFEmptyState.swift in Sources */ = {isa = PBXBuildFile; fileRef = 1268056729CFF9A20086F37F /* GFEmptyState.swift */; };
		1268056A29D0099B0086F37F /* UserInfoVC.swift in Sources */ = {isa = PBXBuildFile; fileRef = 1268056929D0099B0086F37F /* UserInfoVC.swift */; };
		1268056C29D03B580086F37F /* GFUserInfoHeaderVC.swift in Sources */ = {isa = PBXBuildFile; fileRef = 1268056B29D03B580086F37F /* GFUserInfoHeaderVC.swift */; };
		1268056E29D03BD10086F37F /* GFSecondaryTitleLabel.swift in Sources */ = {isa = PBXBuildFile; fileRef = 1268056D29D03BD10086F37F /* GFSecondaryTitleLabel.swift */; };
		1268057029D045C30086F37F /* Constants.swift in Sources */ = {isa = PBXBuildFile; fileRef = 1268056F29D045C30086F37F /* Constants.swift */; };
		1268057229D081DA0086F37F /* GFItemInfoView.swift in Sources */ = {isa = PBXBuildFile; fileRef = 1268057129D081DA0086F37F /* GFItemInfoView.swift */; };
		1268057A29D1CC020086F37F /* GFItemInfoVC.swift in Sources */ = {isa = PBXBuildFile; fileRef = 1268057929D1CC020086F37F /* GFItemInfoVC.swift */; };
		1268057C29D1CC750086F37F /* GFRepoItemVC.swift in Sources */ = {isa = PBXBuildFile; fileRef = 1268057B29D1CC750086F37F /* GFRepoItemVC.swift */; };
		1268057E29D1CF6C0086F37F /* GFFollowerItemVC.swift in Sources */ = {isa = PBXBuildFile; fileRef = 1268057D29D1CF6C0086F37F /* GFFollowerItemVC.swift */; };
		126805A529D1E3270086F37F /* Date+Ext.swift in Sources */ = {isa = PBXBuildFile; fileRef = 126805A429D1E3270086F37F /* Date+Ext.swift */; };
		126805A729D1E35F0086F37F /* String + Ext.swift in Sources */ = {isa = PBXBuildFile; fileRef = 126805A629D1E35F0086F37F /* String + Ext.swift */; };
		126805A929D329E30086F37F /* PersistenceManager.swift in Sources */ = {isa = PBXBuildFile; fileRef = 126805A829D329E30086F37F /* PersistenceManager.swift */; };
		126805AB29D5ABAF0086F37F /* FavoriteCell.swift in Sources */ = {isa = PBXBuildFile; fileRef = 126805AA29D5ABAF0086F37F /* FavoriteCell.swift */; };
		126805AE29D5C4740086F37F /* GFTabBarController.swift in Sources */ = {isa = PBXBuildFile; fileRef = 126805AD29D5C4740086F37F /* GFTabBarController.swift */; };
/* End PBXBuildFile section */

/* Begin PBXFileReference section */
		1268051B29C727270086F37F /* GitHubFollowers.app */ = {isa = PBXFileReference; explicitFileType = wrapper.application; includeInIndex = 0; path = GitHubFollowers.app; sourceTree = BUILT_PRODUCTS_DIR; };
		1268051E29C727270086F37F /* AppDelegate.swift */ = {isa = PBXFileReference; lastKnownFileType = sourcecode.swift; path = AppDelegate.swift; sourceTree = "<group>"; };
		1268052029C727270086F37F /* SceneDelegate.swift */ = {isa = PBXFileReference; lastKnownFileType = sourcecode.swift; path = SceneDelegate.swift; sourceTree = "<group>"; };
		1268052829C727270086F37F /* GitHubFollowers.xcdatamodel */ = {isa = PBXFileReference; lastKnownFileType = wrapper.xcdatamodel; path = GitHubFollowers.xcdatamodel; sourceTree = "<group>"; };
		1268052A29C727280086F37F /* Assets.xcassets */ = {isa = PBXFileReference; lastKnownFileType = folder.assetcatalog; path = Assets.xcassets; sourceTree = "<group>"; };
		1268052D29C727280086F37F /* Base */ = {isa = PBXFileReference; lastKnownFileType = file.storyboard; name = Base; path = Base.lproj/LaunchScreen.storyboard; sourceTree = "<group>"; };
		1268052F29C727280086F37F /* Info.plist */ = {isa = PBXFileReference; lastKnownFileType = text.plist.xml; path = Info.plist; sourceTree = "<group>"; };
		1268053529C738690086F37F /* SearchVC.swift */ = {isa = PBXFileReference; lastKnownFileType = sourcecode.swift; path = SearchVC.swift; sourceTree = "<group>"; };
		1268053729C738950086F37F /* FavoritesListVC.swift */ = {isa = PBXFileReference; lastKnownFileType = sourcecode.swift; path = FavoritesListVC.swift; sourceTree = "<group>"; };
		1268053929C89AC80086F37F /* GFButton.swift */ = {isa = PBXFileReference; lastKnownFileType = sourcecode.swift; path = GFButton.swift; sourceTree = "<group>"; };
		1268053B29C89DEE0086F37F /* GFTextField.swift */ = {isa = PBXFileReference; lastKnownFileType = sourcecode.swift; path = GFTextField.swift; sourceTree = "<group>"; };
		1268053D29C8AC520086F37F /* FollowerListVC.swift */ = {isa = PBXFileReference; lastKnownFileType = sourcecode.swift; path = FollowerListVC.swift; sourceTree = "<group>"; };
		1268053F29C9E6D10086F37F /* GFTitleLabel.swift */ = {isa = PBXFileReference; lastKnownFileType = sourcecode.swift; path = GFTitleLabel.swift; sourceTree = "<group>"; };
		1268054129C9E8360086F37F /* GFBodyLabel.swift */ = {isa = PBXFileReference; lastKnownFileType = sourcecode.swift; path = GFBodyLabel.swift; sourceTree = "<group>"; };
		1268054329C9E8F00086F37F /* GFALertVC.swift */ = {isa = PBXFileReference; lastKnownFileType = sourcecode.swift; path = GFALertVC.swift; sourceTree = "<group>"; };
		1268054529C9F0A40086F37F /* UIVIewController+Ext.swift */ = {isa = PBXFileReference; lastKnownFileType = sourcecode.swift; path = "UIVIewController+Ext.swift"; sourceTree = "<group>"; };
		1268054D29C9FA580086F37F /* Follower.swift */ = {isa = PBXFileReference; lastKnownFileType = sourcecode.swift; path = Follower.swift; sourceTree = "<group>"; };
		1268054F29C9FB1F0086F37F /* User.swift */ = {isa = PBXFileReference; lastKnownFileType = sourcecode.swift; path = User.swift; sourceTree = "<group>"; };
		1268055229CB22430086F37F /* NetworkManager.swift */ = {isa = PBXFileReference; lastKnownFileType = sourcecode.swift; path = NetworkManager.swift; sourceTree = "<group>"; };
		1268055529CB30960086F37F /* ErrorMessage.swift */ = {isa = PBXFileReference; lastKnownFileType = sourcecode.swift; path = ErrorMessage.swift; sourceTree = "<group>"; };
		1268055C29CC8CC40086F37F /* FollowerCell.swift */ = {isa = PBXFileReference; lastKnownFileType = sourcecode.swift; path = FollowerCell.swift; sourceTree = "<group>"; };
		1268055E29CC8D430086F37F /* GFAvatarImageView.swift */ = {isa = PBXFileReference; lastKnownFileType = sourcecode.swift; path = GFAvatarImageView.swift; sourceTree = "<group>"; };
		1268056029CF00120086F37F /* UIHelper.swift */ = {isa = PBXFileReference; lastKnownFileType = sourcecode.swift; path = UIHelper.swift; sourceTree = "<group>"; };
		1268056729CFF9A20086F37F /* GFEmptyState.swift */ = {isa = PBXFileReference; lastKnownFileType = sourcecode.swift; path = GFEmptyState.swift; sourceTree = "<group>"; };
		1268056929D0099B0086F37F /* UserInfoVC.swift */ = {isa = PBXFileReference; lastKnownFileType = sourcecode.swift; path = UserInfoVC.swift; sourceTree = "<group>"; };
		1268056B29D03B580086F37F /* GFUserInfoHeaderVC.swift */ = {isa = PBXFileReference; lastKnownFileType = sourcecode.swift; path = GFUserInfoHeaderVC.swift; sourceTree = "<group>"; };
		1268056D29D03BD10086F37F /* GFSecondaryTitleLabel.swift */ = {isa = PBXFileReference; lastKnownFileType = sourcecode.swift; path = GFSecondaryTitleLabel.swift; sourceTree = "<group>"; };
		1268056F29D045C30086F37F /* Constants.swift */ = {isa = PBXFileReference; lastKnownFileType = sourcecode.swift; path = Constants.swift; sourceTree = "<group>"; };
		1268057129D081DA0086F37F /* GFItemInfoView.swift */ = {isa = PBXFileReference; lastKnownFileType = sourcecode.swift; path = GFItemInfoView.swift; sourceTree = "<group>"; };
		1268057929D1CC020086F37F /* GFItemInfoVC.swift */ = {isa = PBXFileReference; lastKnownFileType = sourcecode.swift; path = GFItemInfoVC.swift; sourceTree = "<group>"; };
		1268057B29D1CC750086F37F /* GFRepoItemVC.swift */ = {isa = PBXFileReference; lastKnownFileType = sourcecode.swift; path = GFRepoItemVC.swift; sourceTree = "<group>"; };
		1268057D29D1CF6C0086F37F /* GFFollowerItemVC.swift */ = {isa = PBXFileReference; lastKnownFileType = sourcecode.swift; path = GFFollowerItemVC.swift; sourceTree = "<group>"; };
		126805A429D1E3270086F37F /* Date+Ext.swift */ = {isa = PBXFileReference; lastKnownFileType = sourcecode.swift; path = "Date+Ext.swift"; sourceTree = "<group>"; };
		126805A629D1E35F0086F37F /* String + Ext.swift */ = {isa = PBXFileReference; lastKnownFileType = sourcecode.swift; path = "String + Ext.swift"; sourceTree = "<group>"; };
		126805A829D329E30086F37F /* PersistenceManager.swift */ = {isa = PBXFileReference; lastKnownFileType = sourcecode.swift; path = PersistenceManager.swift; sourceTree = "<group>"; };
		126805AA29D5ABAF0086F37F /* FavoriteCell.swift */ = {isa = PBXFileReference; lastKnownFileType = sourcecode.swift; path = FavoriteCell.swift; sourceTree = "<group>"; };
		126805AD29D5C4740086F37F /* GFTabBarController.swift */ = {isa = PBXFileReference; lastKnownFileType = sourcecode.swift; path = GFTabBarController.swift; sourceTree = "<group>"; };
/* End PBXFileReference section */

/* Begin PBXFrameworksBuildPhase section */
		1268051829C727270086F37F /* Frameworks */ = {
			isa = PBXFrameworksBuildPhase;
			buildActionMask = 2147483647;
			files = (
			);
			runOnlyForDeploymentPostprocessing = 0;
		};
/* End PBXFrameworksBuildPhase section */

/* Begin PBXGroup section */
		1268051229C727270086F37F = {
			isa = PBXGroup;
			children = (
				1268051D29C727270086F37F /* GitHubFollowers */,
				1268051C29C727270086F37F /* Products */,
			);
			sourceTree = "<group>";
		};
		1268051C29C727270086F37F /* Products */ = {
			isa = PBXGroup;
			children = (
				1268051B29C727270086F37F /* GitHubFollowers.app */,
			);
			name = Products;
			sourceTree = "<group>";
		};
		1268051D29C727270086F37F /* GitHubFollowers */ = {
			isa = PBXGroup;
			children = (
				1268055429CB30840086F37F /* Utilities */,
				1268055129CB22220086F37F /* Managers */,
				1268054C29C9FA4B0086F37F /* Model */,
				1268054929C9F5970086F37F /* Views */,
				1268054829C9F55A0086F37F /* Controllers */,
				1268054B29C9F6330086F37F /* Support */,
				1268054A29C9F5CF0086F37F /* Extensions */,
				1268052F29C727280086F37F /* Info.plist */,
			);
			path = GitHubFollowers;
			sourceTree = "<group>";
		};
		1268054829C9F55A0086F37F /* Controllers */ = {
			isa = PBXGroup;
			children = (
				1268053529C738690086F37F /* SearchVC.swift */,
				1268053729C738950086F37F /* FavoritesListVC.swift */,
				1268053D29C8AC520086F37F /* FollowerListVC.swift */,
				1268056929D0099B0086F37F /* UserInfoVC.swift */,
			);
			path = Controllers;
			sourceTree = "<group>";
		};
		1268054929C9F5970086F37F /* Views */ = {
			isa = PBXGroup;
			children = (
				126805B029D5C8C00086F37F /* TextFields */,
				126805AC29D5C4590086F37F /* TabBarControllers */,
				126805A329D1DCCA0086F37F /* ItemInfoVCs */,
				1268057F29D1CFE20086F37F /* ViewControllers */,
				1268055B29CC8CA90086F37F /* Cells */,
				1268053929C89AC80086F37F /* GFButton.swift */,
				1268053F29C9E6D10086F37F /* GFTitleLabel.swift */,
				1268054129C9E8360086F37F /* GFBodyLabel.swift */,
				1268056D29D03BD10086F37F /* GFSecondaryTitleLabel.swift */,
				1268055E29CC8D430086F37F /* GFAvatarImageView.swift */,
				1268056729CFF9A20086F37F /* GFEmptyState.swift */,
				1268057129D081DA0086F37F /* GFItemInfoView.swift */,
			);
			path = Views;
			sourceTree = "<group>";
		};
		1268054A29C9F5CF0086F37F /* Extensions */ = {
			isa = PBXGroup;
			children = (
				1268054529C9F0A40086F37F /* UIVIewController+Ext.swift */,
				126805A429D1E3270086F37F /* Date+Ext.swift */,
				126805A629D1E35F0086F37F /* String + Ext.swift */,
			);
			path = Extensions;
			sourceTree = "<group>";
		};
		1268054B29C9F6330086F37F /* Support */ = {
			isa = PBXGroup;
			children = (
				1268051E29C727270086F37F /* AppDelegate.swift */,
				1268052029C727270086F37F /* SceneDelegate.swift */,
				1268052A29C727280086F37F /* Assets.xcassets */,
				1268052C29C727280086F37F /* LaunchScreen.storyboard */,
				1268052729C727270086F37F /* GitHubFollowers.xcdatamodeld */,
			);
			path = Support;
			sourceTree = "<group>";
		};
		1268054C29C9FA4B0086F37F /* Model */ = {
			isa = PBXGroup;
			children = (
				1268054D29C9FA580086F37F /* Follower.swift */,
				1268054F29C9FB1F0086F37F /* User.swift */,
			);
			path = Model;
			sourceTree = "<group>";
		};
		1268055129CB22220086F37F /* Managers */ = {
			isa = PBXGroup;
			children = (
				1268055229CB22430086F37F /* NetworkManager.swift */,
				126805A829D329E30086F37F /* PersistenceManager.swift */,
			);
			path = Managers;
			sourceTree = "<group>";
		};
		1268055429CB30840086F37F /* Utilities */ = {
			isa = PBXGroup;
			children = (
				1268055529CB30960086F37F /* ErrorMessage.swift */,
				1268056029CF00120086F37F /* UIHelper.swift */,
				1268056F29D045C30086F37F /* Constants.swift */,
			);
			path = Utilities;
			sourceTree = "<group>";
		};
		1268055B29CC8CA90086F37F /* Cells */ = {
			isa = PBXGroup;
			children = (
				1268055C29CC8CC40086F37F /* FollowerCell.swift */,
				126805AA29D5ABAF0086F37F /* FavoriteCell.swift */,
			);
			path = Cells;
			sourceTree = "<group>";
		};
		1268057F29D1CFE20086F37F /* ViewControllers */ = {
			isa = PBXGroup;
			children = (
				1268054329C9E8F00086F37F /* GFALertVC.swift */,
				1268056B29D03B580086F37F /* GFUserInfoHeaderVC.swift */,
			);
			path = ViewControllers;
			sourceTree = "<group>";
		};
		126805A329D1DCCA0086F37F /* ItemInfoVCs */ = {
			isa = PBXGroup;
			children = (
				1268057929D1CC020086F37F /* GFItemInfoVC.swift */,
				1268057B29D1CC750086F37F /* GFRepoItemVC.swift */,
				1268057D29D1CF6C0086F37F /* GFFollowerItemVC.swift */,
			);
			path = ItemInfoVCs;
			sourceTree = "<group>";
		};
		126805AC29D5C4590086F37F /* TabBarControllers */ = {
			isa = PBXGroup;
			children = (
				126805AD29D5C4740086F37F /* GFTabBarController.swift */,
			);
			path = TabBarControllers;
			sourceTree = "<group>";
		};
		126805B029D5C8C00086F37F /* TextFields */ = {
			isa = PBXGroup;
			children = (
				1268053B29C89DEE0086F37F /* GFTextField.swift */,
			);
			path = TextFields;
			sourceTree = "<group>";
		};
/* End PBXGroup section */

/* Begin PBXNativeTarget section */
		1268051A29C727270086F37F /* GitHubFollowers */ = {
			isa = PBXNativeTarget;
			buildConfigurationList = 1268053229C727280086F37F /* Build configuration list for PBXNativeTarget "GitHubFollowers" */;
			buildPhases = (
				1268051729C727270086F37F /* Sources */,
				1268051829C727270086F37F /* Frameworks */,
				1268051929C727270086F37F /* Resources */,
			);
			buildRules = (
			);
			dependencies = (
			);
			name = GitHubFollowers;
			productName = GitHubFollowers;
			productReference = 1268051B29C727270086F37F /* GitHubFollowers.app */;
			productType = "com.apple.product-type.application";
		};
/* End PBXNativeTarget section */

/* Begin PBXProject section */
		1268051329C727270086F37F /* Project object */ = {
			isa = PBXProject;
			attributes = {
				BuildIndependentTargetsInParallel = 1;
				LastSwiftUpdateCheck = 1410;
				LastUpgradeCheck = 1410;
				TargetAttributes = {
					1268051A29C727270086F37F = {
						CreatedOnToolsVersion = 14.1;
					};
				};
			};
			buildConfigurationList = 1268051629C727270086F37F /* Build configuration list for PBXProject "GitHubFollowers" */;
			compatibilityVersion = "Xcode 14.0";
			developmentRegion = en;
			hasScannedForEncodings = 0;
			knownRegions = (
				en,
				Base,
			);
			mainGroup = 1268051229C727270086F37F;
			productRefGroup = 1268051C29C727270086F37F /* Products */;
			projectDirPath = "";
			projectRoot = "";
			targets = (
				1268051A29C727270086F37F /* GitHubFollowers */,
			);
		};
/* End PBXProject section */

/* Begin PBXResourcesBuildPhase section */
		1268051929C727270086F37F /* Resources */ = {
			isa = PBXResourcesBuildPhase;
			buildActionMask = 2147483647;
			files = (
				1268052E29C727280086F37F /* LaunchScreen.storyboard in Resources */,
				1268052B29C727280086F37F /* Assets.xcassets in Resources */,
			);
			runOnlyForDeploymentPostprocessing = 0;
		};
/* End PBXResourcesBuildPhase section */

/* Begin PBXSourcesBuildPhase section */
		1268051729C727270086F37F /* Sources */ = {
			isa = PBXSourcesBuildPhase;
			buildActionMask = 2147483647;
			files = (
				1268054429C9E8F00086F37F /* GFALertVC.swift in Sources */,
				1268053629C738690086F37F /* SearchVC.swift in Sources */,
				1268056829CFF9A20086F37F /* GFEmptyState.swift in Sources */,
				1268056C29D03B580086F37F /* GFUserInfoHeaderVC.swift in Sources */,
				1268052929C727270086F37F /* GitHubFollowers.xcdatamodeld in Sources */,
				1268053A29C89AC80086F37F /* GFButton.swift in Sources */,
				1268053829C738950086F37F /* FavoritesListVC.swift in Sources */,
				1268056E29D03BD10086F37F /* GFSecondaryTitleLabel.swift in Sources */,
				1268051F29C727270086F37F /* AppDelegate.swift in Sources */,
				1268055029C9FB1F0086F37F /* User.swift in Sources */,
				1268055D29CC8CC40086F37F /* FollowerCell.swift in Sources */,
				1268055F29CC8D430086F37F /* GFAvatarImageView.swift in Sources */,
				126805A929D329E30086F37F /* PersistenceManager.swift in Sources */,
				126805AB29D5ABAF0086F37F /* FavoriteCell.swift in Sources */,
				126805A729D1E35F0086F37F /* String + Ext.swift in Sources */,
				1268057C29D1CC750086F37F /* GFRepoItemVC.swift in Sources */,
				1268052129C727270086F37F /* SceneDelegate.swift in Sources */,
				1268056A29D0099B0086F37F /* UserInfoVC.swift in Sources */,
				1268054E29C9FA580086F37F /* Follower.swift in Sources */,
				1268054029C9E6D10086F37F /* GFTitleLabel.swift in Sources */,
				1268053E29C8AC520086F37F /* FollowerListVC.swift in Sources */,
				1268053C29C89DEE0086F37F /* GFTextField.swift in Sources */,
				1268057A29D1CC020086F37F /* GFItemInfoVC.swift in Sources */,
				1268057E29D1CF6C0086F37F /* GFFollowerItemVC.swift in Sources */,
				1268055629CB30960086F37F /* ErrorMessage.swift in Sources */,
				1268056129CF00120086F37F /* UIHelper.swift in Sources */,
				126805A529D1E3270086F37F /* Date+Ext.swift in Sources */,
				1268055329CB22430086F37F /* NetworkManager.swift in Sources */,
				1268054629C9F0A40086F37F /* UIVIewController+Ext.swift in Sources */,
				1268057229D081DA0086F37F /* GFItemInfoView.swift in Sources */,
				1268054229C9E8360086F37F /* GFBodyLabel.swift in Sources */,
				1268057029D045C30086F37F /* Constants.swift in Sources */,
				126805AE29D5C4740086F37F /* GFTabBarController.swift in Sources */,
			);
			runOnlyForDeploymentPostprocessing = 0;
		};
/* End PBXSourcesBuildPhase section */

/* Begin PBXVariantGroup section */
		1268052C29C727280086F37F /* LaunchScreen.storyboard */ = {
			isa = PBXVariantGroup;
			children = (
				1268052D29C727280086F37F /* Base */,
			);
			name = LaunchScreen.storyboard;
			sourceTree = "<group>";
		};
/* End PBXVariantGroup section */

/* Begin XCBuildConfiguration section */
		1268053029C727280086F37F /* Debug */ = {
			isa = XCBuildConfiguration;
			buildSettings = {
				ALWAYS_SEARCH_USER_PATHS = NO;
				CLANG_ANALYZER_NONNULL = YES;
				CLANG_ANALYZER_NUMBER_OBJECT_CONVERSION = YES_AGGRESSIVE;
				CLANG_CXX_LANGUAGE_STANDARD = "gnu++20";
				CLANG_ENABLE_MODULES = YES;
				CLANG_ENABLE_OBJC_ARC = YES;
				CLANG_ENABLE_OBJC_WEAK = YES;
				CLANG_WARN_BLOCK_CAPTURE_AUTORELEASING = YES;
				CLANG_WARN_BOOL_CONVERSION = YES;
				CLANG_WARN_COMMA = YES;
				CLANG_WARN_CONSTANT_CONVERSION = YES;
				CLANG_WARN_DEPRECATED_OBJC_IMPLEMENTATIONS = YES;
				CLANG_WARN_DIRECT_OBJC_ISA_USAGE = YES_ERROR;
				CLANG_WARN_DOCUMENTATION_COMMENTS = YES;
				CLANG_WARN_EMPTY_BODY = YES;
				CLANG_WARN_ENUM_CONVERSION = YES;
				CLANG_WARN_INFINITE_RECURSION = YES;
				CLANG_WARN_INT_CONVERSION = YES;
				CLANG_WARN_NON_LITERAL_NULL_CONVERSION = YES;
				CLANG_WARN_OBJC_IMPLICIT_RETAIN_SELF = YES;
				CLANG_WARN_OBJC_LITERAL_CONVERSION = YES;
				CLANG_WARN_OBJC_ROOT_CLASS = YES_ERROR;
				CLANG_WARN_QUOTED_INCLUDE_IN_FRAMEWORK_HEADER = YES;
				CLANG_WARN_RANGE_LOOP_ANALYSIS = YES;
				CLANG_WARN_STRICT_PROTOTYPES = YES;
				CLANG_WARN_SUSPICIOUS_MOVE = YES;
				CLANG_WARN_UNGUARDED_AVAILABILITY = YES_AGGRESSIVE;
				CLANG_WARN_UNREACHABLE_CODE = YES;
				CLANG_WARN__DUPLICATE_METHOD_MATCH = YES;
				COPY_PHASE_STRIP = NO;
				DEBUG_INFORMATION_FORMAT = dwarf;
				ENABLE_STRICT_OBJC_MSGSEND = YES;
				ENABLE_TESTABILITY = YES;
				GCC_C_LANGUAGE_STANDARD = gnu11;
				GCC_DYNAMIC_NO_PIC = NO;
				GCC_NO_COMMON_BLOCKS = YES;
				GCC_OPTIMIZATION_LEVEL = 0;
				GCC_PREPROCESSOR_DEFINITIONS = (
					"DEBUG=1",
					"$(inherited)",
				);
				GCC_WARN_64_TO_32_BIT_CONVERSION = YES;
				GCC_WARN_ABOUT_RETURN_TYPE = YES_ERROR;
				GCC_WARN_UNDECLARED_SELECTOR = YES;
				GCC_WARN_UNINITIALIZED_AUTOS = YES_AGGRESSIVE;
				GCC_WARN_UNUSED_FUNCTION = YES;
				GCC_WARN_UNUSED_VARIABLE = YES;
				IPHONEOS_DEPLOYMENT_TARGET = 16.1;
				MTL_ENABLE_DEBUG_INFO = INCLUDE_SOURCE;
				MTL_FAST_MATH = YES;
				ONLY_ACTIVE_ARCH = YES;
				SDKROOT = iphoneos;
				SWIFT_ACTIVE_COMPILATION_CONDITIONS = DEBUG;
				SWIFT_OPTIMIZATION_LEVEL = "-Onone";
			};
			name = Debug;
		};
		1268053129C727280086F37F /* Release */ = {
			isa = XCBuildConfiguration;
			buildSettings = {
				ALWAYS_SEARCH_USER_PATHS = NO;
				CLANG_ANALYZER_NONNULL = YES;
				CLANG_ANALYZER_NUMBER_OBJECT_CONVERSION = YES_AGGRESSIVE;
				CLANG_CXX_LANGUAGE_STANDARD = "gnu++20";
				CLANG_ENABLE_MODULES = YES;
				CLANG_ENABLE_OBJC_ARC = YES;
				CLANG_ENABLE_OBJC_WEAK = YES;
				CLANG_WARN_BLOCK_CAPTURE_AUTORELEASING = YES;
				CLANG_WARN_BOOL_CONVERSION = YES;
				CLANG_WARN_COMMA = YES;
				CLANG_WARN_CONSTANT_CONVERSION = YES;
				CLANG_WARN_DEPRECATED_OBJC_IMPLEMENTATIONS = YES;
				CLANG_WARN_DIRECT_OBJC_ISA_USAGE = YES_ERROR;
				CLANG_WARN_DOCUMENTATION_COMMENTS = YES;
				CLANG_WARN_EMPTY_BODY = YES;
				CLANG_WARN_ENUM_CONVERSION = YES;
				CLANG_WARN_INFINITE_RECURSION = YES;
				CLANG_WARN_INT_CONVERSION = YES;
				CLANG_WARN_NON_LITERAL_NULL_CONVERSION = YES;
				CLANG_WARN_OBJC_IMPLICIT_RETAIN_SELF = YES;
				CLANG_WARN_OBJC_LITERAL_CONVERSION = YES;
				CLANG_WARN_OBJC_ROOT_CLASS = YES_ERROR;
				CLANG_WARN_QUOTED_INCLUDE_IN_FRAMEWORK_HEADER = YES;
				CLANG_WARN_RANGE_LOOP_ANALYSIS = YES;
				CLANG_WARN_STRICT_PROTOTYPES = YES;
				CLANG_WARN_SUSPICIOUS_MOVE = YES;
				CLANG_WARN_UNGUARDED_AVAILABILITY = YES_AGGRESSIVE;
				CLANG_WARN_UNREACHABLE_CODE = YES;
				CLANG_WARN__DUPLICATE_METHOD_MATCH = YES;
				COPY_PHASE_STRIP = NO;
				DEBUG_INFORMATION_FORMAT = "dwarf-with-dsym";
				ENABLE_NS_ASSERTIONS = NO;
				ENABLE_STRICT_OBJC_MSGSEND = YES;
				GCC_C_LANGUAGE_STANDARD = gnu11;
				GCC_NO_COMMON_BLOCKS = YES;
				GCC_WARN_64_TO_32_BIT_CONVERSION = YES;
				GCC_WARN_ABOUT_RETURN_TYPE = YES_ERROR;
				GCC_WARN_UNDECLARED_SELECTOR = YES;
				GCC_WARN_UNINITIALIZED_AUTOS = YES_AGGRESSIVE;
				GCC_WARN_UNUSED_FUNCTION = YES;
				GCC_WARN_UNUSED_VARIABLE = YES;
				IPHONEOS_DEPLOYMENT_TARGET = 16.1;
				MTL_ENABLE_DEBUG_INFO = NO;
				MTL_FAST_MATH = YES;
				SDKROOT = iphoneos;
				SWIFT_COMPILATION_MODE = wholemodule;
				SWIFT_OPTIMIZATION_LEVEL = "-O";
				VALIDATE_PRODUCT = YES;
			};
			name = Release;
		};
		1268053329C727280086F37F /* Debug */ = {
			isa = XCBuildConfiguration;
			buildSettings = {
				ASSETCATALOG_COMPILER_APPICON_NAME = AppIcon;
				ASSETCATALOG_COMPILER_GLOBAL_ACCENT_COLOR_NAME = AccentColor;
				CODE_SIGN_STYLE = Automatic;
				CURRENT_PROJECT_VERSION = 1;
				DEVELOPMENT_TEAM = DH7KJY6JNQ;
				GENERATE_INFOPLIST_FILE = YES;
				INFOPLIST_FILE = GitHubFollowers/Info.plist;
				INFOPLIST_KEY_UIApplicationSupportsIndirectInputEvents = YES;
				INFOPLIST_KEY_UILaunchStoryboardName = LaunchScreen;
				INFOPLIST_KEY_UIMainStoryboardFile = "";
				INFOPLIST_KEY_UISupportedInterfaceOrientations_iPad = "UIInterfaceOrientationPortrait UIInterfaceOrientationPortraitUpsideDown UIInterfaceOrientationLandscapeLeft UIInterfaceOrientationLandscapeRight";
				INFOPLIST_KEY_UISupportedInterfaceOrientations_iPhone = "UIInterfaceOrientationPortrait UIInterfaceOrientationLandscapeLeft UIInterfaceOrientationLandscapeRight";
				LD_RUNPATH_SEARCH_PATHS = (
					"$(inherited)",
					"@executable_path/Frameworks",
				);
				MARKETING_VERSION = 1.0;
				PRODUCT_BUNDLE_IDENTIFIER = com.geanatoliy.GitHubFollowers;
				PRODUCT_NAME = "$(TARGET_NAME)";
				SWIFT_EMIT_LOC_STRINGS = YES;
				SWIFT_VERSION = 5.0;
				TARGETED_DEVICE_FAMILY = "1,2";
			};
			name = Debug;
		};
		1268053429C727280086F37F /* Release */ = {
			isa = XCBuildConfiguration;
			buildSettings = {
				ASSETCATALOG_COMPILER_APPICON_NAME = AppIcon;
				ASSETCATALOG_COMPILER_GLOBAL_ACCENT_COLOR_NAME = AccentColor;
				CODE_SIGN_STYLE = Automatic;
				CURRENT_PROJECT_VERSION = 1;
				DEVELOPMENT_TEAM = DH7KJY6JNQ;
				GENERATE_INFOPLIST_FILE = YES;
				INFOPLIST_FILE = GitHubFollowers/Info.plist;
				INFOPLIST_KEY_UIApplicationSupportsIndirectInputEvents = YES;
				INFOPLIST_KEY_UILaunchStoryboardName = LaunchScreen;
				INFOPLIST_KEY_UIMainStoryboardFile = "";
				INFOPLIST_KEY_UISupportedInterfaceOrientations_iPad = "UIInterfaceOrientationPortrait UIInterfaceOrientationPortraitUpsideDown UIInterfaceOrientationLandscapeLeft UIInterfaceOrientationLandscapeRight";
				INFOPLIST_KEY_UISupportedInterfaceOrientations_iPhone = "UIInterfaceOrientationPortrait UIInterfaceOrientationLandscapeLeft UIInterfaceOrientationLandscapeRight";
				LD_RUNPATH_SEARCH_PATHS = (
					"$(inherited)",
					"@executable_path/Frameworks",
				);
				MARKETING_VERSION = 1.0;
				PRODUCT_BUNDLE_IDENTIFIER = com.geanatoliy.GitHubFollowers;
				PRODUCT_NAME = "$(TARGET_NAME)";
				SWIFT_EMIT_LOC_STRINGS = YES;
				SWIFT_VERSION = 5.0;
				TARGETED_DEVICE_FAMILY = "1,2";
			};
			name = Release;
		};
/* End XCBuildConfiguration section */

/* Begin XCConfigurationList section */
		1268051629C727270086F37F /* Build configuration list for PBXProject "GitHubFollowers" */ = {
			isa = XCConfigurationList;
			buildConfigurations = (
				1268053029C727280086F37F /* Debug */,
				1268053129C727280086F37F /* Release */,
			);
			defaultConfigurationIsVisible = 0;
			defaultConfigurationName = Release;
		};
		1268053229C727280086F37F /* Build configuration list for PBXNativeTarget "GitHubFollowers" */ = {
			isa = XCConfigurationList;
			buildConfigurations = (
				1268053329C727280086F37F /* Debug */,
				1268053429C727280086F37F /* Release */,
			);
			defaultConfigurationIsVisible = 0;
			defaultConfigurationName = Release;
		};
/* End XCConfigurationList section */

/* Begin XCVersionGroup section */
		1268052729C727270086F37F /* GitHubFollowers.xcdatamodeld */ = {
			isa = XCVersionGroup;
			children = (
				1268052829C727270086F37F /* GitHubFollowers.xcdatamodel */,
			);
			currentVersion = 1268052829C727270086F37F /* GitHubFollowers.xcdatamodel */;
			path = GitHubFollowers.xcdatamodeld;
			sourceTree = "<group>";
			versionGroupType = wrapper.xcdatamodel;
		};
/* End XCVersionGroup section */
	};
	rootObject = 1268051329C727270086F37F /* Project object */;
}
